{
  "runtime": "hermes-agent",
  "source": "https://github.com/NousResearch/hermes-agent",
  "release": "v2026.7.7.2",
  "commit": "9de9c25f620ff7f1ce0fd5457d596052d5159596",
  "image": "docker.io/nousresearch/hermes-agent:v2026.7.7.2",
  "digest": "sha256:9c841866021c54c4596849f6135717e8a4d52ba510b7f52c50aef1de1a283973",
  "license": "MIT",
  "license_url": "https://github.com/NousResearch/hermes-agent/blob/v2026.7.7.2/LICENSE",
  "verified_at": "2026-07-30",
  "compatibility": "m2-memory-approvals"
}
