{
  "runtime": "hermes-agent",
  "source": "https://github.com/NousResearch/hermes-agent",
  "release": "v2026.8.19",
  "commit": "fcbd1076a93841fa88855acce810e342a5b78101",
  "image": "docker.io/nousresearch/hermes-agent:v2026.8.19",
  "digest": "sha256:3811ed13da874fba2ac99b6d492db9a203d34cb6dccf90d886948c00d0ccec09",
  "license": "MIT",
  "license_url": "https://github.com/NousResearch/hermes-agent/blob/v2026.7.7.2/LICENSE",
  "verified_at": "2026-08-24",
  "compatibility": "pending"
}
